// !$*UTF8*$!
{
	archiveVersion = 1;
	classes = {
	};
	objectVersion = 46;
	objects = {

/* Begin PBXBuildFile section */
		454DF11234D68B5322263CC5 /* Pods_Bandz.framework in Frameworks */ = {isa = PBXBuildFile; fileRef = 6AA84161C9FFCD084352AFA4 /* Pods_Bandz.framework */; };
		AE3FE3741F18277A00B3364B /* LoginVC.swift in Sources */ = {isa = PBXBuildFile; fileRef = AE3FE3731F18277A00B3364B /* LoginVC.swift */; };
		AE3FE3771F18559800B3364B /* GoogleService-Info.plist in Resources */ = {isa = PBXBuildFile; fileRef = AE3FE3761F18559800B3364B /* GoogleService-Info.plist */; };
		AE3FE3D31F1D9E7A00B3364B /* GlobalClasses.swift in Sources */ = {isa = PBXBuildFile; fileRef = AE3FE3D21F1D9E7A00B3364B /* GlobalClasses.swift */; };
		AE3FE3D51F1DA14300B3364B /* ShowsForBandCell.swift in Sources */ = {isa = PBXBuildFile; fileRef = AE3FE3D41F1DA14300B3364B /* ShowsForBandCell.swift */; };
		AE3FE44B1F203A5000B3364B /* UIView+constraints.swift in Sources */ = {isa = PBXBuildFile; fileRef = AE3FE44A1F203A5000B3364B /* UIView+constraints.swift */; };
		AE3FE44D1F203BDF00B3364B /* ViewController.swift in Sources */ = {isa = PBXBuildFile; fileRef = AE3FE44C1F203BDF00B3364B /* ViewController.swift */; };
		AE5C74D21F22E2B1007076B3 /* InfoVenueViewController.swift in Sources */ = {isa = PBXBuildFile; fileRef = AE5C74D11F22E2B1007076B3 /* InfoVenueViewController.swift */; };
		AE5C74D41F237931007076B3 /* ShowsFeitosTableViewController.swift in Sources */ = {isa = PBXBuildFile; fileRef = AE5C74D31F237931007076B3 /* ShowsFeitosTableViewController.swift */; };
		AE5C74D61F237B05007076B3 /* ShowsFeitosVenueCell.swift in Sources */ = {isa = PBXBuildFile; fileRef = AE5C74D51F237B05007076B3 /* ShowsFeitosVenueCell.swift */; };
		AE88294C1F05AD210076E520 /* AppDelegate.swift in Sources */ = {isa = PBXBuildFile; fileRef = AE88294B1F05AD210076E520 /* AppDelegate.swift */; };
		AE8829511F05AD210076E520 /* Main.storyboard in Resources */ = {isa = PBXBuildFile; fileRef = AE88294F1F05AD210076E520 /* Main.storyboard */; };
		AE8829541F05AD210076E520 /* Bandz.xcdatamodeld in Sources */ = {isa = PBXBuildFile; fileRef = AE8829521F05AD210076E520 /* Bandz.xcdatamodeld */; };
		AE8829561F05AD210076E520 /* Assets.xcassets in Resources */ = {isa = PBXBuildFile; fileRef = AE8829551F05AD210076E520 /* Assets.xcassets */; };
		AE8829591F05AD210076E520 /* LaunchScreen.storyboard in Resources */ = {isa = PBXBuildFile; fileRef = AE8829571F05AD210076E520 /* LaunchScreen.storyboard */; };
		AE8829611F05AF4B0076E520 /* FeedBandaVC.swift in Sources */ = {isa = PBXBuildFile; fileRef = AE8829601F05AF4B0076E520 /* FeedBandaVC.swift */; };
		AE88296A1F05B3EB0076E520 /* Band.swift in Sources */ = {isa = PBXBuildFile; fileRef = AE8829691F05B3EB0076E520 /* Band.swift */; };
		AE8829711F05CD140076E520 /* Show.swift in Sources */ = {isa = PBXBuildFile; fileRef = AE8829701F05CD140076E520 /* Show.swift */; };
		AEAE2C691F256E4500F13FA0 /* ShowDetalheViewController.swift in Sources */ = {isa = PBXBuildFile; fileRef = AEAE2C681F256E4500F13FA0 /* ShowDetalheViewController.swift */; };
/* End PBXBuildFile section */

/* Begin PBXFileReference section */
		10EFD39D933AACA576A190CC /* Pods-Bandz.release.xcconfig */ = {isa = PBXFileReference; includeInIndex = 1; lastKnownFileType = text.xcconfig; name = "Pods-Bandz.release.xcconfig"; path = "Pods/Target Support Files/Pods-Bandz/Pods-Bandz.release.xcconfig"; sourceTree = "<group>"; };
		69820BC968A0E9AFDBF1D2F0 /* Pods-Bandz.debug.xcconfig */ = {isa = PBXFileReference; includeInIndex = 1; lastKnownFileType = text.xcconfig; name = "Pods-Bandz.debug.xcconfig"; path = "Pods/Target Support Files/Pods-Bandz/Pods-Bandz.debug.xcconfig"; sourceTree = "<group>"; };
		6AA84161C9FFCD084352AFA4 /* Pods_Bandz.framework */ = {isa = PBXFileReference; explicitFileType = wrapper.framework; includeInIndex = 0; path = Pods_Bandz.framework; sourceTree = BUILT_PRODUCTS_DIR; };
		AE3FE3731F18277A00B3364B /* LoginVC.swift */ = {isa = PBXFileReference; fileEncoding = 4; lastKnownFileType = sourcecode.swift; path = LoginVC.swift; sourceTree = "<group>"; };
		AE3FE3751F182E6000B3364B /* Bandz.entitlements */ = {isa = PBXFileReference; lastKnownFileType = text.plist.entitlements; path = Bandz.entitlements; sourceTree = "<group>"; };
		AE3FE3761F18559800B3364B /* GoogleService-Info.plist */ = {isa = PBXFileReference; fileEncoding = 4; lastKnownFileType = text.plist.xml; path = "GoogleService-Info.plist"; sourceTree = "<group>"; };
		AE3FE3D21F1D9E7A00B3364B /* GlobalClasses.swift */ = {isa = PBXFileReference; fileEncoding = 4; lastKnownFileType = sourcecode.swift; path = GlobalClasses.swift; sourceTree = "<group>"; };
		AE3FE3D41F1DA14300B3364B /* ShowsForBandCell.swift */ = {isa = PBXFileReference; fileEncoding = 4; lastKnownFileType = sourcecode.swift; path = ShowsForBandCell.swift; sourceTree = "<group>"; };
		AE3FE44A1F203A5000B3364B /* UIView+constraints.swift */ = {isa = PBXFileReference; fileEncoding = 4; lastKnownFileType = sourcecode.swift; path = "UIView+constraints.swift"; sourceTree = "<group>"; };
		AE3FE44C1F203BDF00B3364B /* ViewController.swift */ = {isa = PBXFileReference; fileEncoding = 4; lastKnownFileType = sourcecode.swift; path = ViewController.swift; sourceTree = "<group>"; };
		AE5C74D11F22E2B1007076B3 /* InfoVenueViewController.swift */ = {isa = PBXFileReference; fileEncoding = 4; lastKnownFileType = sourcecode.swift; path = InfoVenueViewController.swift; sourceTree = "<group>"; };
		AE5C74D31F237931007076B3 /* ShowsFeitosTableViewController.swift */ = {isa = PBXFileReference; fileEncoding = 4; lastKnownFileType = sourcecode.swift; path = ShowsFeitosTableViewController.swift; sourceTree = "<group>"; };
		AE5C74D51F237B05007076B3 /* ShowsFeitosVenueCell.swift */ = {isa = PBXFileReference; fileEncoding = 4; lastKnownFileType = sourcecode.swift; path = ShowsFeitosVenueCell.swift; sourceTree = "<group>"; };
		AE8829481F05AD210076E520 /* Bandz.app */ = {isa = PBXFileReference; explicitFileType = wrapper.application; includeInIndex = 0; path = Bandz.app; sourceTree = BUILT_PRODUCTS_DIR; };
		AE88294B1F05AD210076E520 /* AppDelegate.swift */ = {isa = PBXFileReference; lastKnownFileType = sourcecode.swift; path = AppDelegate.swift; sourceTree = "<group>"; };
		AE8829501F05AD210076E520 /* Base */ = {isa = PBXFileReference; lastKnownFileType = file.storyboard; name = Base; path = Base.lproj/Main.storyboard; sourceTree = "<group>"; };
		AE8829531F05AD210076E520 /* Bandz.xcdatamodel */ = {isa = PBXFileReference; lastKnownFileType = wrapper.xcdatamodel; path = Bandz.xcdatamodel; sourceTree = "<group>"; };
		AE8829551F05AD210076E520 /* Assets.xcassets */ = {isa = PBXFileReference; lastKnownFileType = folder.assetcatalog; path = Assets.xcassets; sourceTree = "<group>"; };
		AE8829581F05AD210076E520 /* Base */ = {isa = PBXFileReference; lastKnownFileType = file.storyboard; name = Base; path = Base.lproj/LaunchScreen.storyboard; sourceTree = "<group>"; };
		AE88295A1F05AD210076E520 /* Info.plist */ = {isa = PBXFileReference; lastKnownFileType = text.plist.xml; path = Info.plist; sourceTree = "<group>"; };
		AE8829601F05AF4B0076E520 /* FeedBandaVC.swift */ = {isa = PBXFileReference; fileEncoding = 4; lastKnownFileType = sourcecode.swift; name = FeedBandaVC.swift; path = ../FeedBandaVC.swift; sourceTree = "<group>"; };
		AE8829691F05B3EB0076E520 /* Band.swift */ = {isa = PBXFileReference; fileEncoding = 4; lastKnownFileType = sourcecode.swift; path = Band.swift; sourceTree = "<group>"; };
		AE8829701F05CD140076E520 /* Show.swift */ = {isa = PBXFileReference; fileEncoding = 4; lastKnownFileType = sourcecode.swift; path = Show.swift; sourceTree = "<group>"; };
		AEAE2C681F256E4500F13FA0 /* ShowDetalheViewController.swift */ = {isa = PBXFileReference; fileEncoding = 4; lastKnownFileType = sourcecode.swift; path = ShowDetalheViewController.swift; sourceTree = "<group>"; };
/* End PBXFileReference section */

/* Begin PBXFrameworksBuildPhase section */
		AE8829451F05AD210076E520 /* Frameworks */ = {
			isa = PBXFrameworksBuildPhase;
			buildActionMask = 2147483647;
			files = (
				454DF11234D68B5322263CC5 /* Pods_Bandz.framework in Frameworks */,
			);
			runOnlyForDeploymentPostprocessing = 0;
		};
/* End PBXFrameworksBuildPhase section */

/* Begin PBXGroup section */
		1871A48C0A3E14AD46EFBAF2 /* Pods */ = {
			isa = PBXGroup;
			children = (
				69820BC968A0E9AFDBF1D2F0 /* Pods-Bandz.debug.xcconfig */,
				10EFD39D933AACA576A190CC /* Pods-Bandz.release.xcconfig */,
			);
			name = Pods;
			sourceTree = "<group>";
		};
		AE3FE4491F2037C800B3364B /* Lib */ = {
			isa = PBXGroup;
			children = (
			);
			name = Lib;
			sourceTree = "<group>";
		};
		AE88293F1F05AD210076E520 = {
			isa = PBXGroup;
			children = (
				AE88294A1F05AD210076E520 /* Bandz */,
				AE8829491F05AD210076E520 /* Products */,
				1871A48C0A3E14AD46EFBAF2 /* Pods */,
				F42A825925F8D32663615867 /* Frameworks */,
			);
			sourceTree = "<group>";
		};
		AE8829491F05AD210076E520 /* Products */ = {
			isa = PBXGroup;
			children = (
				AE8829481F05AD210076E520 /* Bandz.app */,
			);
			name = Products;
			sourceTree = "<group>";
		};
		AE88294A1F05AD210076E520 /* Bandz */ = {
			isa = PBXGroup;
			children = (
				AE3FE3751F182E6000B3364B /* Bandz.entitlements */,
				AE88294B1F05AD210076E520 /* AppDelegate.swift */,
				AE3FE3D21F1D9E7A00B3364B /* GlobalClasses.swift */,
				AE3FE4491F2037C800B3364B /* Lib */,
				AE88296B1F05B93D0076E520 /* Util */,
				AE8829681F05B3B80076E520 /* Model */,
				AE8829671F05B3B40076E520 /* View */,
				AE8829661F05B3A90076E520 /* Controller */,
				AE88294F1F05AD210076E520 /* Main.storyboard */,
				AE8829571F05AD210076E520 /* LaunchScreen.storyboard */,
				AE8829551F05AD210076E520 /* Assets.xcassets */,
			);
			path = Bandz;
			sourceTree = "<group>";
		};
		AE8829661F05B3A90076E520 /* Controller */ = {
			isa = PBXGroup;
			children = (
				AEAE2C681F256E4500F13FA0 /* ShowDetalheViewController.swift */,
				AE5C74D31F237931007076B3 /* ShowsFeitosTableViewController.swift */,
				AE5C74D11F22E2B1007076B3 /* InfoVenueViewController.swift */,
				AE3FE44C1F203BDF00B3364B /* ViewController.swift */,
				AE3FE44A1F203A5000B3364B /* UIView+constraints.swift */,
				AE8829601F05AF4B0076E520 /* FeedBandaVC.swift */,
			);
			name = Controller;
			sourceTree = "<group>";
		};
		AE8829671F05B3B40076E520 /* View */ = {
			isa = PBXGroup;
			children = (
				AE3FE3D41F1DA14300B3364B /* ShowsForBandCell.swift */,
				AE5C74D51F237B05007076B3 /* ShowsFeitosVenueCell.swift */,
				AE3FE3731F18277A00B3364B /* LoginVC.swift */,
			);
			name = View;
			sourceTree = "<group>";
		};
		AE8829681F05B3B80076E520 /* Model */ = {
			isa = PBXGroup;
			children = (
				AE8829691F05B3EB0076E520 /* Band.swift */,
				AE8829701F05CD140076E520 /* Show.swift */,
			);
			name = Model;
			sourceTree = "<group>";
		};
		AE88296B1F05B93D0076E520 /* Util */ = {
			isa = PBXGroup;
			children = (
				AE8829521F05AD210076E520 /* Bandz.xcdatamodeld */,
				AE88295A1F05AD210076E520 /* Info.plist */,
				AE3FE3761F18559800B3364B /* GoogleService-Info.plist */,
			);
			name = Util;
			sourceTree = "<group>";
		};
		F42A825925F8D32663615867 /* Frameworks */ = {
			isa = PBXGroup;
			children = (
				6AA84161C9FFCD084352AFA4 /* Pods_Bandz.framework */,
			);
			name = Frameworks;
			sourceTree = "<group>";
		};
/* End PBXGroup section */

/* Begin PBXNativeTarget section */
		AE8829471F05AD210076E520 /* Bandz */ = {
			isa = PBXNativeTarget;
			buildConfigurationList = AE88295D1F05AD210076E520 /* Build configuration list for PBXNativeTarget "Bandz" */;
			buildPhases = (
				7CBEAD634A435A6F6F1896C1 /* [CP] Check Pods Manifest.lock */,
				AE8829441F05AD210076E520 /* Sources */,
				AE8829451F05AD210076E520 /* Frameworks */,
				AE8829461F05AD210076E520 /* Resources */,
				62B81A94F0F15BF6F69C5B13 /* [CP] Embed Pods Frameworks */,
				16BA04A7EBF8725CEA1B6139 /* [CP] Copy Pods Resources */,
			);
			buildRules = (
			);
			dependencies = (
			);
			name = Bandz;
			productName = Bandz;
			productReference = AE8829481F05AD210076E520 /* Bandz.app */;
			productType = "com.apple.product-type.application";
		};
/* End PBXNativeTarget section */

/* Begin PBXProject section */
		AE8829401F05AD210076E520 /* Project object */ = {
			isa = PBXProject;
			attributes = {
				LastSwiftUpdateCheck = 0830;
				LastUpgradeCheck = 0830;
				ORGANIZATIONNAME = Bandz;
				TargetAttributes = {
					AE8829471F05AD210076E520 = {
						CreatedOnToolsVersion = 8.3.3;
						DevelopmentTeam = UX2K5XG954;
						ProvisioningStyle = Automatic;
						SystemCapabilities = {
							com.apple.Keychain = {
								enabled = 1;
							};
						};
					};
				};
			};
			buildConfigurationList = AE8829431F05AD210076E520 /* Build configuration list for PBXProject "Bandz" */;
			compatibilityVersion = "Xcode 3.2";
			developmentRegion = English;
			hasScannedForEncodings = 0;
			knownRegions = (
				en,
				Base,
			);
			mainGroup = AE88293F1F05AD210076E520;
			productRefGroup = AE8829491F05AD210076E520 /* Products */;
			projectDirPath = "";
			projectRoot = "";
			targets = (
				AE8829471F05AD210076E520 /* Bandz */,
			);
		};
/* End PBXProject section */

/* Begin PBXResourcesBuildPhase section */
		AE8829461F05AD210076E520 /* Resources */ = {
			isa = PBXResourcesBuildPhase;
			buildActionMask = 2147483647;
			files = (
				AE8829591F05AD210076E520 /* LaunchScreen.storyboard in Resources */,
				AE8829561F05AD210076E520 /* Assets.xcassets in Resources */,
				AE8829511F05AD210076E520 /* Main.storyboard in Resources */,
				AE3FE3771F18559800B3364B /* GoogleService-Info.plist in Resources */,
			);
			runOnlyForDeploymentPostprocessing = 0;
		};
/* End PBXResourcesBuildPhase section */

/* Begin PBXShellScriptBuildPhase section */
		16BA04A7EBF8725CEA1B6139 /* [CP] Copy Pods Resources */ = {
			isa = PBXShellScriptBuildPhase;
			buildActionMask = 2147483647;
			files = (
			);
			inputPaths = (
			);
			name = "[CP] Copy Pods Resources";
			outputPaths = (
			);
			runOnlyForDeploymentPostprocessing = 0;
			shellPath = /bin/sh;
			shellScript = "\"${SRCROOT}/Pods/Target Support Files/Pods-Bandz/Pods-Bandz-resources.sh\"\n";
			showEnvVarsInLog = 0;
		};
		62B81A94F0F15BF6F69C5B13 /* [CP] Embed Pods Frameworks */ = {
			isa = PBXShellScriptBuildPhase;
			buildActionMask = 2147483647;
			files = (
			);
			inputPaths = (
			);
			name = "[CP] Embed Pods Frameworks";
			outputPaths = (
			);
			runOnlyForDeploymentPostprocessing = 0;
			shellPath = /bin/sh;
			shellScript = "\"${SRCROOT}/Pods/Target Support Files/Pods-Bandz/Pods-Bandz-frameworks.sh\"\n";
			showEnvVarsInLog = 0;
		};
		7CBEAD634A435A6F6F1896C1 /* [CP] Check Pods Manifest.lock */ = {
			isa = PBXShellScriptBuildPhase;
			buildActionMask = 2147483647;
			files = (
			);
			inputPaths = (
			);
			name = "[CP] Check Pods Manifest.lock";
			outputPaths = (
			);
			runOnlyForDeploymentPostprocessing = 0;
			shellPath = /bin/sh;
			shellScript = "diff \"${PODS_ROOT}/../Podfile.lock\" \"${PODS_ROOT}/Manifest.lock\" > /dev/null\nif [ $? != 0 ] ; then\n    # print error to STDERR\n    echo \"error: The sandbox is not in sync with the Podfile.lock. Run 'pod install' or update your CocoaPods installation.\" >&2\n    exit 1\nfi\n";
			showEnvVarsInLog = 0;
		};
/* End PBXShellScriptBuildPhase section */

/* Begin PBXSourcesBuildPhase section */
		AE8829441F05AD210076E520 /* Sources */ = {
			isa = PBXSourcesBuildPhase;
			buildActionMask = 2147483647;
			files = (
				AE8829611F05AF4B0076E520 /* FeedBandaVC.swift in Sources */,
				AE3FE3741F18277A00B3364B /* LoginVC.swift in Sources */,
				AE88296A1F05B3EB0076E520 /* Band.swift in Sources */,
				AE3FE3D51F1DA14300B3364B /* ShowsForBandCell.swift in Sources */,
				AE5C74D41F237931007076B3 /* ShowsFeitosTableViewController.swift in Sources */,
				AE8829711F05CD140076E520 /* Show.swift in Sources */,
				AE3FE44B1F203A5000B3364B /* UIView+constraints.swift in Sources */,
				AEAE2C691F256E4500F13FA0 /* ShowDetalheViewController.swift in Sources */,
				AE5C74D61F237B05007076B3 /* ShowsFeitosVenueCell.swift in Sources */,
				AE3FE44D1F203BDF00B3364B /* ViewController.swift in Sources */,
				AE5C74D21F22E2B1007076B3 /* InfoVenueViewController.swift in Sources */,
				AE3FE3D31F1D9E7A00B3364B /* GlobalClasses.swift in Sources */,
				AE8829541F05AD210076E520 /* Bandz.xcdatamodeld in Sources */,
				AE88294C1F05AD210076E520 /* AppDelegate.swift in Sources */,
			);
			runOnlyForDeploymentPostprocessing = 0;
		};
/* End PBXSourcesBuildPhase section */

/* Begin PBXVariantGroup section */
		AE88294F1F05AD210076E520 /* Main.storyboard */ = {
			isa = PBXVariantGroup;
			children = (
				AE8829501F05AD210076E520 /* Base */,
			);
			name = Main.storyboard;
			sourceTree = "<group>";
		};
		AE8829571F05AD210076E520 /* LaunchScreen.storyboard */ = {
			isa = PBXVariantGroup;
			children = (
				AE8829581F05AD210076E520 /* Base */,
			);
			name = LaunchScreen.storyboard;
			sourceTree = "<group>";
		};
/* End PBXVariantGroup section */

/* Begin XCBuildConfiguration section */
		AE88295B1F05AD210076E520 /* Debug */ = {
			isa = XCBuildConfiguration;
			buildSettings = {
				ALWAYS_SEARCH_USER_PATHS = NO;
				CLANG_ANALYZER_NONNULL = YES;
				CLANG_ANALYZER_NUMBER_OBJECT_CONVERSION = YES_AGGRESSIVE;
				CLANG_CXX_LANGUAGE_STANDARD = "gnu++0x";
				CLANG_CXX_LIBRARY = "libc++";
				CLANG_ENABLE_MODULES = YES;
				CLANG_ENABLE_OBJC_ARC = YES;
				CLANG_WARN_BOOL_CONVERSION = YES;
				CLANG_WARN_CONSTANT_CONVERSION = YES;
				CLANG_WARN_DIRECT_OBJC_ISA_USAGE = YES_ERROR;
				CLANG_WARN_DOCUMENTATION_COMMENTS = YES;
				CLANG_WARN_EMPTY_BODY = YES;
				CLANG_WARN_ENUM_CONVERSION = YES;
				CLANG_WARN_INFINITE_RECURSION = YES;
				CLANG_WARN_INT_CONVERSION = YES;
				CLANG_WARN_OBJC_ROOT_CLASS = YES_ERROR;
				CLANG_WARN_SUSPICIOUS_MOVE = YES;
				CLANG_WARN_UNREACHABLE_CODE = YES;
				CLANG_WARN__DUPLICATE_METHOD_MATCH = YES;
				"CODE_SIGN_IDENTITY[sdk=iphoneos*]" = "iPhone Developer";
				COPY_PHASE_STRIP = NO;
				DEBUG_INFORMATION_FORMAT = dwarf;
				ENABLE_STRICT_OBJC_MSGSEND = YES;
				ENABLE_TESTABILITY = YES;
				GCC_C_LANGUAGE_STANDARD = gnu99;
				GCC_DYNAMIC_NO_PIC = NO;
				GCC_NO_COMMON_BLOCKS = YES;
				GCC_OPTIMIZATION_LEVEL = 0;
				GCC_PREPROCESSOR_DEFINITIONS = (
					"DEBUG=1",
					"$(inherited)",
				);
				GCC_WARN_64_TO_32_BIT_CONVERSION = YES;
				GCC_WARN_ABOUT_RETURN_TYPE = YES_ERROR;
				GCC_WARN_UNDECLARED_SELECTOR = YES;
				GCC_WARN_UNINITIALIZED_AUTOS = YES_AGGRESSIVE;
				GCC_WARN_UNUSED_FUNCTION = YES;
				GCC_WARN_UNUSED_VARIABLE = YES;
				IPHONEOS_DEPLOYMENT_TARGET = 10.3;
				MTL_ENABLE_DEBUG_INFO = YES;
				ONLY_ACTIVE_ARCH = YES;
				SDKROOT = iphoneos;
				SWIFT_ACTIVE_COMPILATION_CONDITIONS = DEBUG;
				SWIFT_OPTIMIZATION_LEVEL = "-Onone";
			};
			name = Debug;
		};
		AE88295C1F05AD210076E520 /* Release */ = {
			isa = XCBuildConfiguration;
			buildSettings = {
				ALWAYS_SEARCH_USER_PATHS = NO;
				CLANG_ANALYZER_NONNULL = YES;
				CLANG_ANALYZER_NUMBER_OBJECT_CONVERSION = YES_AGGRESSIVE;
				CLANG_CXX_LANGUAGE_STANDARD = "gnu++0x";
				CLANG_CXX_LIBRARY = "libc++";
				CLANG_ENABLE_MODULES = YES;
				CLANG_ENABLE_OBJC_ARC = YES;
				CLANG_WARN_BOOL_CONVERSION = YES;
				CLANG_WARN_CONSTANT_CONVERSION = YES;
				CLANG_WARN_DIRECT_OBJC_ISA_USAGE = YES_ERROR;
				CLANG_WARN_DOCUMENTATION_COMMENTS = YES;
				CLANG_WARN_EMPTY_BODY = YES;
				CLANG_WARN_ENUM_CONVERSION = YES;
				CLANG_WARN_INFINITE_RECURSION = YES;
				CLANG_WARN_INT_CONVERSION = YES;
				CLANG_WARN_OBJC_ROOT_CLASS = YES_ERROR;
				CLANG_WARN_SUSPICIOUS_MOVE = YES;
				CLANG_WARN_UNREACHABLE_CODE = YES;
				CLANG_WARN__DUPLICATE_METHOD_MATCH = YES;
				"CODE_SIGN_IDENTITY[sdk=iphoneos*]" = "iPhone Developer";
				COPY_PHASE_STRIP = NO;
				DEBUG_INFORMATION_FORMAT = "dwarf-with-dsym";
				ENABLE_NS_ASSERTIONS = NO;
				ENABLE_STRICT_OBJC_MSGSEND = YES;
				GCC_C_LANGUAGE_STANDARD = gnu99;
				GCC_NO_COMMON_BLOCKS = YES;
				GCC_WARN_64_TO_32_BIT_CONVERSION = YES;
				GCC_WARN_ABOUT_RETURN_TYPE = YES_ERROR;
				GCC_WARN_UNDECLARED_SELECTOR = YES;
				GCC_WARN_UNINITIALIZED_AUTOS = YES_AGGRESSIVE;
				GCC_WARN_UNUSED_FUNCTION = YES;
				GCC_WARN_UNUSED_VARIABLE = YES;
				IPHONEOS_DEPLOYMENT_TARGET = 10.3;
				MTL_ENABLE_DEBUG_INFO = NO;
				SDKROOT = iphoneos;
				SWIFT_OPTIMIZATION_LEVEL = "-Owholemodule";
				VALIDATE_PRODUCT = YES;
			};
			name = Release;
		};
		AE88295E1F05AD210076E520 /* Debug */ = {
			isa = XCBuildConfiguration;
			baseConfigurationReference = 69820BC968A0E9AFDBF1D2F0 /* Pods-Bandz.debug.xcconfig */;
			buildSettings = {
				ASSETCATALOG_COMPILER_APPICON_NAME = AppIcon;
				CODE_SIGN_ENTITLEMENTS = Bandz/Bandz.entitlements;
				DEVELOPMENT_TEAM = UX2K5XG954;
				INFOPLIST_FILE = Bandz/Info.plist;
				LD_RUNPATH_SEARCH_PATHS = "$(inherited) @executable_path/Frameworks";
				PRODUCT_BUNDLE_IDENTIFIER = br.com.vitor.Bandz;
				PRODUCT_NAME = "$(TARGET_NAME)";
				SWIFT_VERSION = 3.0;
			};
			name = Debug;
		};
		AE88295F1F05AD210076E520 /* Release */ = {
			isa = XCBuildConfiguration;
			baseConfigurationReference = 10EFD39D933AACA576A190CC /* Pods-Bandz.release.xcconfig */;
			buildSettings = {
				ASSETCATALOG_COMPILER_APPICON_NAME = AppIcon;
				CODE_SIGN_ENTITLEMENTS = Bandz/Bandz.entitlements;
				DEVELOPMENT_TEAM = UX2K5XG954;
				INFOPLIST_FILE = Bandz/Info.plist;
				LD_RUNPATH_SEARCH_PATHS = "$(inherited) @executable_path/Frameworks";
				PRODUCT_BUNDLE_IDENTIFIER = br.com.vitor.Bandz;
				PRODUCT_NAME = "$(TARGET_NAME)";
				SWIFT_VERSION = 3.0;
			};
			name = Release;
		};
/* End XCBuildConfiguration section */

/* Begin XCConfigurationList section */
		AE8829431F05AD210076E520 /* Build configuration list for PBXProject "Bandz" */ = {
			isa = XCConfigurationList;
			buildConfigurations = (
				AE88295B1F05AD210076E520 /* Debug */,
				AE88295C1F05AD210076E520 /* Release */,
			);
			defaultConfigurationIsVisible = 0;
			defaultConfigurationName = Release;
		};
		AE88295D1F05AD210076E520 /* Build configuration list for PBXNativeTarget "Bandz" */ = {
			isa = XCConfigurationList;
			buildConfigurations = (
				AE88295E1F05AD210076E520 /* Debug */,
				AE88295F1F05AD210076E520 /* Release */,
			);
			defaultConfigurationIsVisible = 0;
			defaultConfigurationName = Release;
		};
/* End XCConfigurationList section */

/* Begin XCVersionGroup section */
		AE8829521F05AD210076E520 /* Bandz.xcdatamodeld */ = {
			isa = XCVersionGroup;
			children = (
				AE8829531F05AD210076E520 /* Bandz.xcdatamodel */,
			);
			currentVersion = AE8829531F05AD210076E520 /* Bandz.xcdatamodel */;
			path = Bandz.xcdatamodeld;
			sourceTree = "<group>";
			versionGroupType = wrapper.xcdatamodel;
		};
/* End XCVersionGroup section */
	};
	rootObject = AE8829401F05AD210076E520 /* Project object */;
}
